
Microsoft Visual Studio Solution File, Format Version 12.00
# Visual Studio Version 17
VisualStudioVersion = 17.9.34728.123
MinimumVisualStudioVersion = 10.0.40219.1
Project("{9A19103F-16F7-4668-BE54-9A1E7A4F7556}") = "API", "API\API.csproj", "{A7812600-0D59-46CF-8AC6-A678ED7E3DC5}"
EndProject
Project("{9A19103F-16F7-4668-BE54-9A1E7A4F7556}") = "Infrastructure", "Infrastructure\Infrastructure.csproj", "{730073DB-BB5F-48C6-9C1B-1E9E7AC7668B}"
EndProject
Project("{9A19103F-16F7-4668-BE54-9A1E7A4F7556}") = "Core", "Core\Core.csproj", "{5BFFEEEC-2C85-4D35-8EEE-093FDF7A4793}"
EndProject
Project("{9A19103F-16F7-4668-BE54-9A1E7A4F7556}") = "Tests", "Tests\Tests.csproj", "{B806218E-FF06-49ED-973F-F2F40369D3B1}"
EndProject
Project("{E53339B2-1760-4266-BCC7-CA923CBCF16C}") = "docker-compose", "docker-compose.dcproj", "{DACD43EA-37A3-400B-9F6C-8D418EF21493}"
EndProject
Project("{9A19103F-16F7-4668-BE54-9A1E7A4F7556}") = "WebApp", "WebApp\WebApp.csproj", "{8C009B25-2D02-453D-8AE4-FA0ABC1C38C6}"
EndProject
Project("{2150E333-8FDC-42A3-9474-1A3956D46DE8}") = "img_s", "img_s", "{0126FE98-750D-47C5-B7F0-A5527A5B6643}"
	ProjectSection(SolutionItems) = preProject
		..\..\..\Downloads\gamepad.png = ..\..\..\Downloads\gamepad.png
	EndProjectSection
EndProject
Global
	GlobalSection(SolutionConfigurationPlatforms) = preSolution
		Debug|Any CPU = Debug|Any CPU
		Release|Any CPU = Release|Any CPU
	EndGlobalSection
	GlobalSection(ProjectConfigurationPlatforms) = postSolution
		{A7812600-0D59-46CF-8AC6-A678ED7E3DC5}.Debug|Any CPU.ActiveCfg = Debug|Any CPU
		{A7812600-0D59-46CF-8AC6-A678ED7E3DC5}.Debug|Any CPU.Build.0 = Debug|Any CPU
		{A7812600-0D59-46CF-8AC6-A678ED7E3DC5}.Release|Any CPU.ActiveCfg = Release|Any CPU
		{A7812600-0D59-46CF-8AC6-A678ED7E3DC5}.Release|Any CPU.Build.0 = Release|Any CPU
		{730073DB-BB5F-48C6-9C1B-1E9E7AC7668B}.Debug|Any CPU.ActiveCfg = Debug|Any CPU
		{730073DB-BB5F-48C6-9C1B-1E9E7AC7668B}.Debug|Any CPU.Build.0 = Debug|Any CPU
		{730073DB-BB5F-48C6-9C1B-1E9E7AC7668B}.Release|Any CPU.ActiveCfg = Release|Any CPU
		{730073DB-BB5F-48C6-9C1B-1E9E7AC7668B}.Release|Any CPU.Build.0 = Release|Any CPU
		{5BFFEEEC-2C85-4D35-8EEE-093FDF7A4793}.Debug|Any CPU.ActiveCfg = Debug|Any CPU
		{5BFFEEEC-2C85-4D35-8EEE-093FDF7A4793}.Debug|Any CPU.Build.0 = Debug|Any CPU
		{5BFFEEEC-2C85-4D35-8EEE-093FDF7A4793}.Release|Any CPU.ActiveCfg = Release|Any CPU
		{5BFFEEEC-2C85-4D35-8EEE-093FDF7A4793}.Release|Any CPU.Build.0 = Release|Any CPU
		{B806218E-FF06-49ED-973F-F2F40369D3B1}.Debug|Any CPU.ActiveCfg = Debug|Any CPU
		{B806218E-FF06-49ED-973F-F2F40369D3B1}.Debug|Any CPU.Build.0 = Debug|Any CPU
		{B806218E-FF06-49ED-973F-F2F40369D3B1}.Release|Any CPU.ActiveCfg = Release|Any CPU
		{B806218E-FF06-49ED-973F-F2F40369D3B1}.Release|Any CPU.Build.0 = Release|Any CPU
		{DACD43EA-37A3-400B-9F6C-8D418EF21493}.Debug|Any CPU.ActiveCfg = Debug|Any CPU
		{DACD43EA-37A3-400B-9F6C-8D418EF21493}.Debug|Any CPU.Build.0 = Debug|Any CPU
		{DACD43EA-37A3-400B-9F6C-8D418EF21493}.Release|Any CPU.ActiveCfg = Release|Any CPU
		{DACD43EA-37A3-400B-9F6C-8D418EF21493}.Release|Any CPU.Build.0 = Release|Any CPU
		{8C009B25-2D02-453D-8AE4-FA0ABC1C38C6}.Debug|Any CPU.ActiveCfg = Debug|Any CPU
		{8C009B25-2D02-453D-8AE4-FA0ABC1C38C6}.Debug|Any CPU.Build.0 = Debug|Any CPU
		{8C009B25-2D02-453D-8AE4-FA0ABC1C38C6}.Release|Any CPU.ActiveCfg = Release|Any CPU
		{8C009B25-2D02-453D-8AE4-FA0ABC1C38C6}.Release|Any CPU.Build.0 = Release|Any CPU
	EndGlobalSection
	GlobalSection(SolutionProperties) = preSolution
		HideSolutionNode = FALSE
	EndGlobalSection
	GlobalSection(ExtensibilityGlobals) = postSolution
		SolutionGuid = {80304A99-0C5E-49A4-BAFC-CA96FFC968BE}
	EndGlobalSection
EndGlobal
